
Microsoft Visual Studio Solution File, Format Version 12.00
# Visual Studio Version 16
VisualStudioVersion = 16.0.30011.22
MinimumVisualStudioVersion = 10.0.40219.1
Project("{2150E333-8FDC-42A3-9474-1A3956D46DE8}") = "Domain", "Domain", "{E825D566-ECA7-45CE-BD32-7EC7A274BEC8}"
EndProject
Project("{2150E333-8FDC-42A3-9474-1A3956D46DE8}") = "Infra.Bus", "Infra.Bus", "{914D8147-BCCC-4311-9DA9-6E814C63E734}"
EndProject
Project("{2150E333-8FDC-42A3-9474-1A3956D46DE8}") = "Microservices", "Microservices", "{65FEB284-7B25-41F6-9E7D-F4C4B3274E0E}"
EndProject
Project("{2150E333-8FDC-42A3-9474-1A3956D46DE8}") = "Infra.IoC", "Infra.IoC", "{AB865092-F3C1-4F08-AD41-E3AB453E6EBC}"
EndProject
Project("{2150E333-8FDC-42A3-9474-1A3956D46DE8}") = "Presentation", "Presentation", "{F22FB24D-EF49-4046-AEC8-A84DCDD9E6DD}"
EndProject
Project("{9A19103F-16F7-4668-BE54-9A1E7A4F7556}") = "MicroRabbit.Domain.Core", "MicroRabbit.Domain.Core\MicroRabbit.Domain.Core.csproj", "{0F8E6DAD-0DFA-4AE3-9D87-CEF7DAEC28B7}"
EndProject
Project("{9A19103F-16F7-4668-BE54-9A1E7A4F7556}") = "MicroRabbit.Infra.Bus", "MicroRabbit.Infra.Bus\MicroRabbit.Infra.Bus.csproj", "{9B637DD2-D3F8-45D1-A7AD-72D4BB264CA3}"
EndProject
Project("{9A19103F-16F7-4668-BE54-9A1E7A4F7556}") = "MicroRabbit.Infra.IoC", "MicroRabbit.Infra.IoC\MicroRabbit.Infra.IoC.csproj", "{AC595322-F307-464E-B43A-0844B71CDAD7}"
EndProject
Project("{2150E333-8FDC-42A3-9474-1A3956D46DE8}") = "Banking", "Banking", "{ECEF066C-1961-4EE2-B6D9-BA88DBBA2A8E}"
EndProject
Project("{2150E333-8FDC-42A3-9474-1A3956D46DE8}") = "Api", "Api", "{C353CA57-2316-44DF-86EB-A8B4E7E0EE7D}"
EndProject
Project("{2150E333-8FDC-42A3-9474-1A3956D46DE8}") = "Domian", "Domian", "{46788F25-52B7-4FD0-8399-75ABC0CF9FDF}"
EndProject
Project("{2150E333-8FDC-42A3-9474-1A3956D46DE8}") = "Application", "Application", "{901B0514-A230-46E9-A5BF-79824619FF60}"
EndProject
Project("{2150E333-8FDC-42A3-9474-1A3956D46DE8}") = "Data", "Data", "{52B832A6-5C08-43D3-95D5-C8D099B8DF22}"
EndProject
Project("{FAE04EC0-301F-11D3-BF4B-00C04F79EFBC}") = "MicroRabbit.Banking.Api", "MicroRabbit.Banking.Api\MicroRabbit.Banking.Api.csproj", "{3BA9BB4A-D04B-4357-AC93-FD0670E15A12}"
EndProject
Project("{FAE04EC0-301F-11D3-BF4B-00C04F79EFBC}") = "MicroRabbit.Banking.Application", "MicroRabbit.Banking.Application\MicroRabbit.Banking.Application.csproj", "{B50F2ACF-1201-4A0C-A463-3EBF8F790522}"
EndProject
Project("{FAE04EC0-301F-11D3-BF4B-00C04F79EFBC}") = "MicroRabbit.Banking.Data", "MicroRabbit.Banking.Data\MicroRabbit.Banking.Data.csproj", "{FA60EF3E-202B-48DF-A7D9-5AA9B8349F2C}"
EndProject
Project("{FAE04EC0-301F-11D3-BF4B-00C04F79EFBC}") = "MicroRabbit.Banking.Domain", "MicroRabbit.Banking.Domain\MicroRabbit.Banking.Domain.csproj", "{AE339F87-8DFB-4E5A-AC11-42AFDA743A0B}"
EndProject
Global
	GlobalSection(SolutionConfigurationPlatforms) = preSolution
		Debug|Any CPU = Debug|Any CPU
		Release|Any CPU = Release|Any CPU
	EndGlobalSection
	GlobalSection(ProjectConfigurationPlatforms) = postSolution
		{0F8E6DAD-0DFA-4AE3-9D87-CEF7DAEC28B7}.Debug|Any CPU.ActiveCfg = Debug|Any CPU
		{0F8E6DAD-0DFA-4AE3-9D87-CEF7DAEC28B7}.Debug|Any CPU.Build.0 = Debug|Any CPU
		{0F8E6DAD-0DFA-4AE3-9D87-CEF7DAEC28B7}.Release|Any CPU.ActiveCfg = Release|Any CPU
		{0F8E6DAD-0DFA-4AE3-9D87-CEF7DAEC28B7}.Release|Any CPU.Build.0 = Release|Any CPU
		{9B637DD2-D3F8-45D1-A7AD-72D4BB264CA3}.Debug|Any CPU.ActiveCfg = Debug|Any CPU
		{9B637DD2-D3F8-45D1-A7AD-72D4BB264CA3}.Debug|Any CPU.Build.0 = Debug|Any CPU
		{9B637DD2-D3F8-45D1-A7AD-72D4BB264CA3}.Release|Any CPU.ActiveCfg = Release|Any CPU
		{9B637DD2-D3F8-45D1-A7AD-72D4BB264CA3}.Release|Any CPU.Build.0 = Release|Any CPU
		{AC595322-F307-464E-B43A-0844B71CDAD7}.Debug|Any CPU.ActiveCfg = Debug|Any CPU
		{AC595322-F307-464E-B43A-0844B71CDAD7}.Debug|Any CPU.Build.0 = Debug|Any CPU
		{AC595322-F307-464E-B43A-0844B71CDAD7}.Release|Any CPU.ActiveCfg = Release|Any CPU
		{AC595322-F307-464E-B43A-0844B71CDAD7}.Release|Any CPU.Build.0 = Release|Any CPU
		{3BA9BB4A-D04B-4357-AC93-FD0670E15A12}.Debug|Any CPU.ActiveCfg = Debug|Any CPU
		{3BA9BB4A-D04B-4357-AC93-FD0670E15A12}.Debug|Any CPU.Build.0 = Debug|Any CPU
		{3BA9BB4A-D04B-4357-AC93-FD0670E15A12}.Release|Any CPU.ActiveCfg = Release|Any CPU
		{3BA9BB4A-D04B-4357-AC93-FD0670E15A12}.Release|Any CPU.Build.0 = Release|Any CPU
		{B50F2ACF-1201-4A0C-A463-3EBF8F790522}.Debug|Any CPU.ActiveCfg = Debug|Any CPU
		{B50F2ACF-1201-4A0C-A463-3EBF8F790522}.Debug|Any CPU.Build.0 = Debug|Any CPU
		{B50F2ACF-1201-4A0C-A463-3EBF8F790522}.Release|Any CPU.ActiveCfg = Release|Any CPU
		{B50F2ACF-1201-4A0C-A463-3EBF8F790522}.Release|Any CPU.Build.0 = Release|Any CPU
		{FA60EF3E-202B-48DF-A7D9-5AA9B8349F2C}.Debug|Any CPU.ActiveCfg = Debug|Any CPU
		{FA60EF3E-202B-48DF-A7D9-5AA9B8349F2C}.Debug|Any CPU.Build.0 = Debug|Any CPU
		{FA60EF3E-202B-48DF-A7D9-5AA9B8349F2C}.Release|Any CPU.ActiveCfg = Release|Any CPU
		{FA60EF3E-202B-48DF-A7D9-5AA9B8349F2C}.Release|Any CPU.Build.0 = Release|Any CPU
		{AE339F87-8DFB-4E5A-AC11-42AFDA743A0B}.Debug|Any CPU.ActiveCfg = Debug|Any CPU
		{AE339F87-8DFB-4E5A-AC11-42AFDA743A0B}.Debug|Any CPU.Build.0 = Debug|Any CPU
		{AE339F87-8DFB-4E5A-AC11-42AFDA743A0B}.Release|Any CPU.ActiveCfg = Release|Any CPU
		{AE339F87-8DFB-4E5A-AC11-42AFDA743A0B}.Release|Any CPU.Build.0 = Release|Any CPU
	EndGlobalSection
	GlobalSection(SolutionProperties) = preSolution
		HideSolutionNode = FALSE
	EndGlobalSection
	GlobalSection(NestedProjects) = preSolution
		{0F8E6DAD-0DFA-4AE3-9D87-CEF7DAEC28B7} = {E825D566-ECA7-45CE-BD32-7EC7A274BEC8}
		{9B637DD2-D3F8-45D1-A7AD-72D4BB264CA3} = {914D8147-BCCC-4311-9DA9-6E814C63E734}
		{AC595322-F307-464E-B43A-0844B71CDAD7} = {AB865092-F3C1-4F08-AD41-E3AB453E6EBC}
		{ECEF066C-1961-4EE2-B6D9-BA88DBBA2A8E} = {65FEB284-7B25-41F6-9E7D-F4C4B3274E0E}
		{C353CA57-2316-44DF-86EB-A8B4E7E0EE7D} = {ECEF066C-1961-4EE2-B6D9-BA88DBBA2A8E}
		{46788F25-52B7-4FD0-8399-75ABC0CF9FDF} = {ECEF066C-1961-4EE2-B6D9-BA88DBBA2A8E}
		{901B0514-A230-46E9-A5BF-79824619FF60} = {ECEF066C-1961-4EE2-B6D9-BA88DBBA2A8E}
		{52B832A6-5C08-43D3-95D5-C8D099B8DF22} = {ECEF066C-1961-4EE2-B6D9-BA88DBBA2A8E}
		{3BA9BB4A-D04B-4357-AC93-FD0670E15A12} = {C353CA57-2316-44DF-86EB-A8B4E7E0EE7D}
		{B50F2ACF-1201-4A0C-A463-3EBF8F790522} = {901B0514-A230-46E9-A5BF-79824619FF60}
		{FA60EF3E-202B-48DF-A7D9-5AA9B8349F2C} = {52B832A6-5C08-43D3-95D5-C8D099B8DF22}
		{AE339F87-8DFB-4E5A-AC11-42AFDA743A0B} = {46788F25-52B7-4FD0-8399-75ABC0CF9FDF}
	EndGlobalSection
	GlobalSection(ExtensibilityGlobals) = postSolution
		SolutionGuid = {28798067-CDBA-46D8-9AC7-49B4CD04B08C}
	EndGlobalSection
EndGlobal
